
Microsoft Visual Studio Solution File, Format Version 12.00
# Visual Studio 15
VisualStudioVersion = 15.0.26124.0
MinimumVisualStudioVersion = 15.0.26124.0
Project("{FAE04EC0-301F-11D3-BF4B-00C04F79EFBC}") = "PC2.Api", "PC2.Api\PC2.Api.csproj", "{38286CF1-F616-4668-8807-3D52A2890477}"
EndProject
Project("{FAE04EC0-301F-11D3-BF4B-00C04F79EFBC}") = "PC2.Repository", "PC2.Repository\PC2.Repository.csproj", "{0F911BFF-B620-43F7-9EC3-16E4A6F9B390}"
EndProject
Project("{FAE04EC0-301F-11D3-BF4B-00C04F79EFBC}") = "PC2.Domain", "PC2.Domain\PC2.Domain.csproj", "{7A074FE6-E081-47F1-98CF-223F5DF519FD}"
EndProject
Project("{FAE04EC0-301F-11D3-BF4B-00C04F79EFBC}") = "PC2.Service", "PC2.Service\PC2.Service.csproj", "{D5D8DA25-E15A-488E-968F-0F9A28AF6F27}"
EndProject
Global
	GlobalSection(SolutionConfigurationPlatforms) = preSolution
		Debug|Any CPU = Debug|Any CPU
		Debug|x64 = Debug|x64
		Debug|x86 = Debug|x86
		Release|Any CPU = Release|Any CPU
		Release|x64 = Release|x64
		Release|x86 = Release|x86
	EndGlobalSection
	GlobalSection(SolutionProperties) = preSolution
		HideSolutionNode = FALSE
	EndGlobalSection
	GlobalSection(ProjectConfigurationPlatforms) = postSolution
		{38286CF1-F616-4668-8807-3D52A2890477}.Debug|Any CPU.ActiveCfg = Debug|Any CPU
		{38286CF1-F616-4668-8807-3D52A2890477}.Debug|Any CPU.Build.0 = Debug|Any CPU
		{38286CF1-F616-4668-8807-3D52A2890477}.Debug|x64.ActiveCfg = Debug|Any CPU
		{38286CF1-F616-4668-8807-3D52A2890477}.Debug|x64.Build.0 = Debug|Any CPU
		{38286CF1-F616-4668-8807-3D52A2890477}.Debug|x86.ActiveCfg = Debug|Any CPU
		{38286CF1-F616-4668-8807-3D52A2890477}.Debug|x86.Build.0 = Debug|Any CPU
		{38286CF1-F616-4668-8807-3D52A2890477}.Release|Any CPU.ActiveCfg = Release|Any CPU
		{38286CF1-F616-4668-8807-3D52A2890477}.Release|Any CPU.Build.0 = Release|Any CPU
		{38286CF1-F616-4668-8807-3D52A2890477}.Release|x64.ActiveCfg = Release|Any CPU
		{38286CF1-F616-4668-8807-3D52A2890477}.Release|x64.Build.0 = Release|Any CPU
		{38286CF1-F616-4668-8807-3D52A2890477}.Release|x86.ActiveCfg = Release|Any CPU
		{38286CF1-F616-4668-8807-3D52A2890477}.Release|x86.Build.0 = Release|Any CPU
		{0F911BFF-B620-43F7-9EC3-16E4A6F9B390}.Debug|Any CPU.ActiveCfg = Debug|Any CPU
		{0F911BFF-B620-43F7-9EC3-16E4A6F9B390}.Debug|Any CPU.Build.0 = Debug|Any CPU
		{0F911BFF-B620-43F7-9EC3-16E4A6F9B390}.Debug|x64.ActiveCfg = Debug|Any CPU
		{0F911BFF-B620-43F7-9EC3-16E4A6F9B390}.Debug|x64.Build.0 = Debug|Any CPU
		{0F911BFF-B620-43F7-9EC3-16E4A6F9B390}.Debug|x86.ActiveCfg = Debug|Any CPU
		{0F911BFF-B620-43F7-9EC3-16E4A6F9B390}.Debug|x86.Build.0 = Debug|Any CPU
		{0F911BFF-B620-43F7-9EC3-16E4A6F9B390}.Release|Any CPU.ActiveCfg = Release|Any CPU
		{0F911BFF-B620-43F7-9EC3-16E4A6F9B390}.Release|Any CPU.Build.0 = Release|Any CPU
		{0F911BFF-B620-43F7-9EC3-16E4A6F9B390}.Release|x64.ActiveCfg = Release|Any CPU
		{0F911BFF-B620-43F7-9EC3-16E4A6F9B390}.Release|x64.Build.0 = Release|Any CPU
		{0F911BFF-B620-43F7-9EC3-16E4A6F9B390}.Release|x86.ActiveCfg = Release|Any CPU
		{0F911BFF-B620-43F7-9EC3-16E4A6F9B390}.Release|x86.Build.0 = Release|Any CPU
		{7A074FE6-E081-47F1-98CF-223F5DF519FD}.Debug|Any CPU.ActiveCfg = Debug|Any CPU
		{7A074FE6-E081-47F1-98CF-223F5DF519FD}.Debug|Any CPU.Build.0 = Debug|Any CPU
		{7A074FE6-E081-47F1-98CF-223F5DF519FD}.Debug|x64.ActiveCfg = Debug|Any CPU
		{7A074FE6-E081-47F1-98CF-223F5DF519FD}.Debug|x64.Build.0 = Debug|Any CPU
		{7A074FE6-E081-47F1-98CF-223F5DF519FD}.Debug|x86.ActiveCfg = Debug|Any CPU
		{7A074FE6-E081-47F1-98CF-223F5DF519FD}.Debug|x86.Build.0 = Debug|Any CPU
		{7A074FE6-E081-47F1-98CF-223F5DF519FD}.Release|Any CPU.ActiveCfg = Release|Any CPU
		{7A074FE6-E081-47F1-98CF-223F5DF519FD}.Release|Any CPU.Build.0 = Release|Any CPU
		{7A074FE6-E081-47F1-98CF-223F5DF519FD}.Release|x64.ActiveCfg = Release|Any CPU
		{7A074FE6-E081-47F1-98CF-223F5DF519FD}.Release|x64.Build.0 = Release|Any CPU
		{7A074FE6-E081-47F1-98CF-223F5DF519FD}.Release|x86.ActiveCfg = Release|Any CPU
		{7A074FE6-E081-47F1-98CF-223F5DF519FD}.Release|x86.Build.0 = Release|Any CPU
		{D5D8DA25-E15A-488E-968F-0F9A28AF6F27}.Debug|Any CPU.ActiveCfg = Debug|Any CPU
		{D5D8DA25-E15A-488E-968F-0F9A28AF6F27}.Debug|Any CPU.Build.0 = Debug|Any CPU
		{D5D8DA25-E15A-488E-968F-0F9A28AF6F27}.Debug|x64.ActiveCfg = Debug|Any CPU
		{D5D8DA25-E15A-488E-968F-0F9A28AF6F27}.Debug|x64.Build.0 = Debug|Any CPU
		{D5D8DA25-E15A-488E-968F-0F9A28AF6F27}.Debug|x86.ActiveCfg = Debug|Any CPU
		{D5D8DA25-E15A-488E-968F-0F9A28AF6F27}.Debug|x86.Build.0 = Debug|Any CPU
		{D5D8DA25-E15A-488E-968F-0F9A28AF6F27}.Release|Any CPU.ActiveCfg = Release|Any CPU
		{D5D8DA25-E15A-488E-968F-0F9A28AF6F27}.Release|Any CPU.Build.0 = Release|Any CPU
		{D5D8DA25-E15A-488E-968F-0F9A28AF6F27}.Release|x64.ActiveCfg = Release|Any CPU
		{D5D8DA25-E15A-488E-968F-0F9A28AF6F27}.Release|x64.Build.0 = Release|Any CPU
		{D5D8DA25-E15A-488E-968F-0F9A28AF6F27}.Release|x86.ActiveCfg = Release|Any CPU
		{D5D8DA25-E15A-488E-968F-0F9A28AF6F27}.Release|x86.Build.0 = Release|Any CPU
	EndGlobalSection
EndGlobal
